{
  "name": "Proyecto-Final-TFC",
  "lockfileVersion": 3,
  "requires": true,
  "packages": {
    "": {
      "dependencies": {
        "@angular/animations": "^20.3.5",
        "@angular/cdk": "^20.2.9",
        "@angular/material": "^20.2.9"
      }
    },
    "node_modules/@angular/animations": {
      "version": "20.3.5",
      "resolved": "https://registry.npmjs.org/@angular/animations/-/animations-20.3.5.tgz",
      "integrity": "sha512-dlcUHua5PljqzXKNkEPjP7m2VXEJZPFPaaG1t6FDyUbuxsHr+/VEOCIzWunqRDAdO8mmOa9l1MditvGLEWjscg==",
      "license": "MIT",
      "dependencies": {
        "tslib": "^2.3.0"
      },
      "engines": {
        "node": "^20.19.0 || ^22.12.0 || >=24.0.0"
      },
      "peerDependencies": {
        "@angular/core": "20.3.5"
      }
    },
    "node_modules/@angular/cdk": {
      "version": "20.2.9",
      "resolved": "https://registry.npmjs.org/@angular/cdk/-/cdk-20.2.9.tgz",
      "integrity": "sha512-rbY1AMz9389WJI29iAjWp4o0QKRQHCrQQUuP0ctNQzh1tgWpwiRLx8N4yabdVdsCA846vPsyKJtBlSNwKMsjJA==",
      "license": "MIT",
      "dependencies": {
        "parse5": "^8.0.0",
        "tslib": "^2.3.0"
      },
      "peerDependencies": {
        "@angular/common": "^20.0.0 || ^21.0.0",
        "@angular/core": "^20.0.0 || ^21.0.0",
        "rxjs": "^6.5.3 || ^7.4.0"
      }
    },
    "node_modules/@angular/common": {
      "version": "20.3.5",
      "resolved": "https://registry.npmjs.org/@angular/common/-/common-20.3.5.tgz",
      "integrity": "sha512-Zc4G5UNyoeIhPIRFY+qApeoUwXnw3u1+UJlcKE8xLR+tkaMsJ4Lb0TvL/9KJG7PDeaa65osxsSgLL5L/1sWblw==",
      "license": "MIT",
      "peer": true,
      "dependencies": {
        "tslib": "^2.3.0"
      },
      "engines": {
        "node": "^20.19.0 || ^22.12.0 || >=24.0.0"
      },
      "peerDependencies": {
        "@angular/core": "20.3.5",
        "rxjs": "^6.5.3 || ^7.4.0"
      }
    },
    "node_modules/@angular/core": {
      "version": "20.3.5",
      "resolved": "https://registry.npmjs.org/@angular/core/-/core-20.3.5.tgz",
      "integrity": "sha512-gZOMTqs91NbOKxZs3r7P7/A6SbTkcG7YHNPoRKe7peY0Baa44QsvjxbxGqw+mBmwamosspBreT/jA0irkf8XKw==",
      "license": "MIT",
      "peer": true,
      "dependencies": {
        "tslib": "^2.3.0"
      },
      "engines": {
        "node": "^20.19.0 || ^22.12.0 || >=24.0.0"
      },
      "peerDependencies": {
        "@angular/compiler": "20.3.5",
        "rxjs": "^6.5.3 || ^7.4.0",
        "zone.js": "~0.15.0"
      },
      "peerDependenciesMeta": {
        "@angular/compiler": {
          "optional": true
        },
        "zone.js": {
          "optional": true
        }
      }
    },
    "node_modules/@angular/forms": {
      "version": "20.3.5",
      "resolved": "https://registry.npmjs.org/@angular/forms/-/forms-20.3.5.tgz",
      "integrity": "sha512-vMgDxBTFV6qA1vOHiJ49s3EHo3gTp86ignp6laeXULSLsMIpYlLmj/hj3zhK79Me5kRWSaPJ+SOTIgXPshAMAQ==",
      "license": "MIT",
      "peer": true,
      "dependencies": {
        "tslib": "^2.3.0"
      },
      "engines": {
        "node": "^20.19.0 || ^22.12.0 || >=24.0.0"
      },
      "peerDependencies": {
        "@angular/common": "20.3.5",
        "@angular/core": "20.3.5",
        "@angular/platform-browser": "20.3.5",
        "rxjs": "^6.5.3 || ^7.4.0"
      }
    },
    "node_modules/@angular/material": {
      "version": "20.2.9",
      "resolved": "https://registry.npmjs.org/@angular/material/-/material-20.2.9.tgz",
      "integrity": "sha512-xo/ozyRXCoJMi89XLTJI6fdPKBv2wBngWMiCrtTg23+pHbuyA/kDbk3v62eJkDD1xdhC4auXaIHu4Ddf5zTgSA==",
      "license": "MIT",
      "dependencies": {
        "tslib": "^2.3.0"
      },
      "peerDependencies": {
        "@angular/cdk": "20.2.9",
        "@angular/common": "^20.0.0 || ^21.0.0",
        "@angular/core": "^20.0.0 || ^21.0.0",
        "@angular/forms": "^20.0.0 || ^21.0.0",
        "@angular/platform-browser": "^20.0.0 || ^21.0.0",
        "rxjs": "^6.5.3 || ^7.4.0"
      }
    },
    "node_modules/@angular/platform-browser": {
      "version": "20.3.5",
      "resolved": "https://registry.npmjs.org/@angular/platform-browser/-/platform-browser-20.3.5.tgz",
      "integrity": "sha512-qoXZg4p1ux5Bv2eG5P+ySZqlZtfw0pwmufTUjPn6U8HNnmTknQjN10UANRE+9lBWOEWL4m8vcr1KIRbwXnGu4A==",
      "license": "MIT",
      "peer": true,
      "dependencies": {
        "tslib": "^2.3.0"
      },
      "engines": {
        "node": "^20.19.0 || ^22.12.0 || >=24.0.0"
      },
      "peerDependencies": {
        "@angular/animations": "20.3.5",
        "@angular/common": "20.3.5",
        "@angular/core": "20.3.5"
      },
      "peerDependenciesMeta": {
        "@angular/animations": {
          "optional": true
        }
      }
    },
    "node_modules/entities": {
      "version": "6.0.1",
      "resolved": "https://registry.npmjs.org/entities/-/entities-6.0.1.tgz",
      "integrity": "sha512-aN97NXWF6AWBTahfVOIrB/NShkzi5H7F9r1s9mD3cDj4Ko5f2qhhVoYMibXF7GlLveb/D2ioWay8lxI97Ven3g==",
      "license": "BSD-2-Clause",
      "engines": {
        "node": ">=0.12"
      },
      "funding": {
        "url": "https://github.com/fb55/entities?sponsor=1"
      }
    },
    "node_modules/parse5": {
      "version": "8.0.0",
      "resolved": "https://registry.npmjs.org/parse5/-/parse5-8.0.0.tgz",
      "integrity": "sha512-9m4m5GSgXjL4AjumKzq1Fgfp3Z8rsvjRNbnkVwfu2ImRqE5D0LnY2QfDen18FSY9C573YU5XxSapdHZTZ2WolA==",
      "license": "MIT",
      "dependencies": {
        "entities": "^6.0.0"
      },
      "funding": {
        "url": "https://github.com/inikulin/parse5?sponsor=1"
      }
    },
    "node_modules/rxjs": {
      "version": "7.8.2",
      "resolved": "https://registry.npmjs.org/rxjs/-/rxjs-7.8.2.tgz",
      "integrity": "sha512-dhKf903U/PQZY6boNNtAGdWbG85WAbjT/1xYoZIC7FAY0yWapOBQVsVrDl58W86//e1VpMNBtRV4MaXfdMySFA==",
      "license": "Apache-2.0",
      "peer": true,
      "dependencies": {
        "tslib": "^2.1.0"
      }
    },
    "node_modules/tslib": {
      "version": "2.8.1",
      "resolved": "https://registry.npmjs.org/tslib/-/tslib-2.8.1.tgz",
      "integrity": "sha512-oJFu94HQb+KVduSUQL7wnpmqnfmLsOA/nAh6b6EH0wCEoK0/mPeXU6c3wKDV83MkOuHPRHtSXKKU99IBazS/2w==",
      "license": "0BSD"
    }
  }
}
